
Microsoft Visual Studio Solution File, Format Version 12.00
# Visual Studio Version 17
VisualStudioVersion = 17.9.34607.119
MinimumVisualStudioVersion = 10.0.40219.1
Project("{FAE04EC0-301F-11D3-BF4B-00C04F79EFBC}") = "punto_2", "punto_2.csproj", "{966D9324-001E-48CA-B076-8D68D90A24ED}"
EndProject
Global
	GlobalSection(SolutionConfigurationPlatforms) = preSolution
		Debug|Any CPU = Debug|Any CPU
		Release|Any CPU = Release|Any CPU
	EndGlobalSection
	GlobalSection(ProjectConfigurationPlatforms) = postSolution
		{966D9324-001E-48CA-B076-8D68D90A24ED}.Debug|Any CPU.ActiveCfg = Debug|Any CPU
		{966D9324-001E-48CA-B076-8D68D90A24ED}.Debug|Any CPU.Build.0 = Debug|Any CPU
		{966D9324-001E-48CA-B076-8D68D90A24ED}.Release|Any CPU.ActiveCfg = Release|Any CPU
		{966D9324-001E-48CA-B076-8D68D90A24ED}.Release|Any CPU.Build.0 = Release|Any CPU
	EndGlobalSection
	GlobalSection(SolutionProperties) = preSolution
		HideSolutionNode = FALSE
	EndGlobalSection
	GlobalSection(ExtensibilityGlobals) = postSolution
		SolutionGuid = {99FF0707-673A-4773-80DE-BBAF4152067B}
	EndGlobalSection
EndGlobal
